
Microsoft Visual Studio Solution File, Format Version 12.00
# Visual Studio 14
VisualStudioVersion = 14.0.24720.0
MinimumVisualStudioVersion = 10.0.40219.1
Project("{FAE04EC0-301F-11D3-BF4B-00C04F79EFBC}") = "CustomFiltersMVC", "CustomFiltersMVC.csproj", "{8B607F0D-CA36-4334-A304-0812E2A8FB87}"
EndProject
Project("{FAE04EC0-301F-11D3-BF4B-00C04F79EFBC}") = "EncryptCS", "..\EncryptCS\EncryptCS.csproj", "{A85C63AC-F5E0-4085-8AD2-1BBDA84A875D}"
EndProject
Global
	GlobalSection(SolutionConfigurationPlatforms) = preSolution
		Debug|Any CPU = Debug|Any CPU
		Release|Any CPU = Release|Any CPU
	EndGlobalSection
	GlobalSection(ProjectConfigurationPlatforms) = postSolution
		{8B607F0D-CA36-4334-A304-0812E2A8FB87}.Debug|Any CPU.ActiveCfg = Debug|Any CPU
		{8B607F0D-CA36-4334-A304-0812E2A8FB87}.Debug|Any CPU.Build.0 = Debug|Any CPU
		{8B607F0D-CA36-4334-A304-0812E2A8FB87}.Release|Any CPU.ActiveCfg = Release|Any CPU
		{8B607F0D-CA36-4334-A304-0812E2A8FB87}.Release|Any CPU.Build.0 = Release|Any CPU
		{A85C63AC-F5E0-4085-8AD2-1BBDA84A875D}.Debug|Any CPU.ActiveCfg = Debug|Any CPU
		{A85C63AC-F5E0-4085-8AD2-1BBDA84A875D}.Debug|Any CPU.Build.0 = Debug|Any CPU
		{A85C63AC-F5E0-4085-8AD2-1BBDA84A875D}.Release|Any CPU.ActiveCfg = Release|Any CPU
		{A85C63AC-F5E0-4085-8AD2-1BBDA84A875D}.Release|Any CPU.Build.0 = Release|Any CPU
	EndGlobalSection
	GlobalSection(SolutionProperties) = preSolution
		HideSolutionNode = FALSE
	EndGlobalSection
EndGlobal
