
Microsoft Visual Studio Solution File, Format Version 12.00
# Visual Studio 2012
Project("{FAE04EC0-301F-11D3-BF4B-00C04F79EFBC}") = "ReportesTest", "ReportesTest\ReportesTest.csproj", "{332A8297-06D9-472C-B304-C662321C6C76}"
EndProject
Global
	GlobalSection(SolutionConfigurationPlatforms) = preSolution
		Debug|Any CPU = Debug|Any CPU
		Release|Any CPU = Release|Any CPU
	EndGlobalSection
	GlobalSection(ProjectConfigurationPlatforms) = postSolution
		{332A8297-06D9-472C-B304-C662321C6C76}.Debug|Any CPU.ActiveCfg = Debug|Any CPU
		{332A8297-06D9-472C-B304-C662321C6C76}.Debug|Any CPU.Build.0 = Debug|Any CPU
		{332A8297-06D9-472C-B304-C662321C6C76}.Release|Any CPU.ActiveCfg = Release|Any CPU
		{332A8297-06D9-472C-B304-C662321C6C76}.Release|Any CPU.Build.0 = Release|Any CPU
	EndGlobalSection
	GlobalSection(SolutionProperties) = preSolution
		HideSolutionNode = FALSE
	EndGlobalSection
EndGlobal
