
Microsoft Visual Studio Solution File, Format Version 9.00
# Visual Studio 2005
Project("{FAE04EC0-301F-11D3-BF4B-00C04F79EFBC}") = "SendKeys", "SendKeys\SendKeys.csproj", "{9F70A76A-2FFA-49C0-B18F-3ECE0F7F88B0}"
EndProject
Global
	GlobalSection(SolutionConfigurationPlatforms) = preSolution
		Debug|Any CPU = Debug|Any CPU
		Release|Any CPU = Release|Any CPU
	EndGlobalSection
	GlobalSection(ProjectConfigurationPlatforms) = postSolution
		{9F70A76A-2FFA-49C0-B18F-3ECE0F7F88B0}.Debug|Any CPU.ActiveCfg = Debug|Any CPU
		{9F70A76A-2FFA-49C0-B18F-3ECE0F7F88B0}.Debug|Any CPU.Build.0 = Debug|Any CPU
		{9F70A76A-2FFA-49C0-B18F-3ECE0F7F88B0}.Release|Any CPU.ActiveCfg = Release|Any CPU
		{9F70A76A-2FFA-49C0-B18F-3ECE0F7F88B0}.Release|Any CPU.Build.0 = Release|Any CPU
	EndGlobalSection
	GlobalSection(SolutionProperties) = preSolution
		HideSolutionNode = FALSE
	EndGlobalSection
EndGlobal
