
Microsoft Visual Studio Solution File, Format Version 12.00
# Visual Studio 2012
Project("{FAE04EC0-301F-11D3-BF4B-00C04F79EFBC}") = "probandoWS_SAT_VALIDACION", "probandoWS_SAT_VALIDACION\probandoWS_SAT_VALIDACION.csproj", "{B0CFF43C-9C08-476C-AD42-4360C20769DE}"
EndProject
Global
	GlobalSection(SolutionConfigurationPlatforms) = preSolution
		Debug|Any CPU = Debug|Any CPU
		Release|Any CPU = Release|Any CPU
	EndGlobalSection
	GlobalSection(ProjectConfigurationPlatforms) = postSolution
		{B0CFF43C-9C08-476C-AD42-4360C20769DE}.Debug|Any CPU.ActiveCfg = Debug|Any CPU
		{B0CFF43C-9C08-476C-AD42-4360C20769DE}.Debug|Any CPU.Build.0 = Debug|Any CPU
		{B0CFF43C-9C08-476C-AD42-4360C20769DE}.Release|Any CPU.ActiveCfg = Release|Any CPU
		{B0CFF43C-9C08-476C-AD42-4360C20769DE}.Release|Any CPU.Build.0 = Release|Any CPU
	EndGlobalSection
	GlobalSection(SolutionProperties) = preSolution
		HideSolutionNode = FALSE
	EndGlobalSection
EndGlobal
