
Microsoft Visual Studio Solution File, Format Version 12.00
# Visual Studio 2012
Project("{FAE04EC0-301F-11D3-BF4B-00C04F79EFBC}") = "GeneradorQR", "GeneradorQR\GeneradorQR.csproj", "{2DCCB3D2-44CF-4563-993D-3E2117573AFE}"
EndProject
Global
	GlobalSection(SolutionConfigurationPlatforms) = preSolution
		Debug|Any CPU = Debug|Any CPU
		Release|Any CPU = Release|Any CPU
	EndGlobalSection
	GlobalSection(ProjectConfigurationPlatforms) = postSolution
		{2DCCB3D2-44CF-4563-993D-3E2117573AFE}.Debug|Any CPU.ActiveCfg = Debug|Any CPU
		{2DCCB3D2-44CF-4563-993D-3E2117573AFE}.Debug|Any CPU.Build.0 = Debug|Any CPU
		{2DCCB3D2-44CF-4563-993D-3E2117573AFE}.Release|Any CPU.ActiveCfg = Release|Any CPU
		{2DCCB3D2-44CF-4563-993D-3E2117573AFE}.Release|Any CPU.Build.0 = Release|Any CPU
	EndGlobalSection
	GlobalSection(SolutionProperties) = preSolution
		HideSolutionNode = FALSE
	EndGlobalSection
EndGlobal
