
Microsoft Visual Studio Solution File, Format Version 12.00
# Visual Studio 2012
Project("{FAE04EC0-301F-11D3-BF4B-00C04F79EFBC}") = "ContabilidadElectronica", "ContabilidadElectronica\ContabilidadElectronica.csproj", "{0A11F1EF-9160-4A9C-86D1-47A75E42FE0C}"
EndProject
Project("{FAE04EC0-301F-11D3-BF4B-00C04F79EFBC}") = "EstructuraContable", "EstructuraContable\EstructuraContable.csproj", "{DDE44EC6-F935-48EF-A2E8-4472F73787CB}"
EndProject
Project("{FAE04EC0-301F-11D3-BF4B-00C04F79EFBC}") = "Herramientas", "..\Herramientas\Herramientas.csproj", "{5D7B5D2F-1E0F-470E-A0A0-A683DAEF7FFA}"
EndProject
Global
	GlobalSection(SolutionConfigurationPlatforms) = preSolution
		Debug|Any CPU = Debug|Any CPU
		Release|Any CPU = Release|Any CPU
	EndGlobalSection
	GlobalSection(ProjectConfigurationPlatforms) = postSolution
		{0A11F1EF-9160-4A9C-86D1-47A75E42FE0C}.Debug|Any CPU.ActiveCfg = Debug|Any CPU
		{0A11F1EF-9160-4A9C-86D1-47A75E42FE0C}.Debug|Any CPU.Build.0 = Debug|Any CPU
		{0A11F1EF-9160-4A9C-86D1-47A75E42FE0C}.Release|Any CPU.ActiveCfg = Release|Any CPU
		{0A11F1EF-9160-4A9C-86D1-47A75E42FE0C}.Release|Any CPU.Build.0 = Release|Any CPU
		{DDE44EC6-F935-48EF-A2E8-4472F73787CB}.Debug|Any CPU.ActiveCfg = Debug|Any CPU
		{DDE44EC6-F935-48EF-A2E8-4472F73787CB}.Debug|Any CPU.Build.0 = Debug|Any CPU
		{DDE44EC6-F935-48EF-A2E8-4472F73787CB}.Release|Any CPU.ActiveCfg = Release|Any CPU
		{DDE44EC6-F935-48EF-A2E8-4472F73787CB}.Release|Any CPU.Build.0 = Release|Any CPU
		{5D7B5D2F-1E0F-470E-A0A0-A683DAEF7FFA}.Debug|Any CPU.ActiveCfg = Debug|Any CPU
		{5D7B5D2F-1E0F-470E-A0A0-A683DAEF7FFA}.Debug|Any CPU.Build.0 = Debug|Any CPU
		{5D7B5D2F-1E0F-470E-A0A0-A683DAEF7FFA}.Release|Any CPU.ActiveCfg = Release|Any CPU
		{5D7B5D2F-1E0F-470E-A0A0-A683DAEF7FFA}.Release|Any CPU.Build.0 = Release|Any CPU
	EndGlobalSection
	GlobalSection(SolutionProperties) = preSolution
		HideSolutionNode = FALSE
	EndGlobalSection
EndGlobal
