
Microsoft Visual Studio Solution File, Format Version 12.00
# Visual Studio 14
VisualStudioVersion = 14.0.24720.0
MinimumVisualStudioVersion = 10.0.40219.1
Project("{FAE04EC0-301F-11D3-BF4B-00C04F79EFBC}") = "MODELO_DATOS_ADO", "MODELO_DATOS_ADO.csproj", "{F25AFC6C-812C-4308-9AE8-A7B7E5D5D8B5}"
EndProject
Global
	GlobalSection(SolutionConfigurationPlatforms) = preSolution
		Debug|Any CPU = Debug|Any CPU
		Release|Any CPU = Release|Any CPU
	EndGlobalSection
	GlobalSection(ProjectConfigurationPlatforms) = postSolution
		{F25AFC6C-812C-4308-9AE8-A7B7E5D5D8B5}.Debug|Any CPU.ActiveCfg = Debug|Any CPU
		{F25AFC6C-812C-4308-9AE8-A7B7E5D5D8B5}.Debug|Any CPU.Build.0 = Debug|Any CPU
		{F25AFC6C-812C-4308-9AE8-A7B7E5D5D8B5}.Release|Any CPU.ActiveCfg = Release|Any CPU
		{F25AFC6C-812C-4308-9AE8-A7B7E5D5D8B5}.Release|Any CPU.Build.0 = Release|Any CPU
	EndGlobalSection
	GlobalSection(SolutionProperties) = preSolution
		HideSolutionNode = FALSE
	EndGlobalSection
EndGlobal
