
Microsoft Visual Studio Solution File, Format Version 12.00
# Visual Studio 2012
Project("{FAE04EC0-301F-11D3-BF4B-00C04F79EFBC}") = "TestORMBasic", "TestORMBasic\TestORMBasic.csproj", "{FBC9D0ED-A231-415A-BBC5-B3935C7037CB}"
EndProject
Project("{FAE04EC0-301F-11D3-BF4B-00C04F79EFBC}") = "Dominio", "Dominio\Dominio.csproj", "{5D834DBF-B5EA-49FB-BAB6-D9AFF01A045D}"
EndProject
Project("{FAE04EC0-301F-11D3-BF4B-00C04F79EFBC}") = "ORM", "ORM\ORM.csproj", "{BF63809B-4EA4-46ED-AADE-FFAB82FEB19B}"
EndProject
Project("{FAE04EC0-301F-11D3-BF4B-00C04F79EFBC}") = "Herramientas", "Herramientas\Herramientas.csproj", "{5D7B5D2F-1E0F-470E-A0A0-A683DAEF7FFA}"
EndProject
Project("{FAE04EC0-301F-11D3-BF4B-00C04F79EFBC}") = "GeneradorCodigoSQL", "GeneradorCodigoSQL\GeneradorCodigoSQL.csproj", "{B5B8C325-DDF4-4228-9397-0D6541B707EF}"
EndProject
Global
	GlobalSection(SolutionConfigurationPlatforms) = preSolution
		Debug|Any CPU = Debug|Any CPU
		Release|Any CPU = Release|Any CPU
	EndGlobalSection
	GlobalSection(ProjectConfigurationPlatforms) = postSolution
		{FBC9D0ED-A231-415A-BBC5-B3935C7037CB}.Debug|Any CPU.ActiveCfg = Debug|Any CPU
		{FBC9D0ED-A231-415A-BBC5-B3935C7037CB}.Debug|Any CPU.Build.0 = Debug|Any CPU
		{FBC9D0ED-A231-415A-BBC5-B3935C7037CB}.Release|Any CPU.ActiveCfg = Release|Any CPU
		{FBC9D0ED-A231-415A-BBC5-B3935C7037CB}.Release|Any CPU.Build.0 = Release|Any CPU
		{5D834DBF-B5EA-49FB-BAB6-D9AFF01A045D}.Debug|Any CPU.ActiveCfg = Debug|Any CPU
		{5D834DBF-B5EA-49FB-BAB6-D9AFF01A045D}.Debug|Any CPU.Build.0 = Debug|Any CPU
		{5D834DBF-B5EA-49FB-BAB6-D9AFF01A045D}.Release|Any CPU.ActiveCfg = Release|Any CPU
		{5D834DBF-B5EA-49FB-BAB6-D9AFF01A045D}.Release|Any CPU.Build.0 = Release|Any CPU
		{BF63809B-4EA4-46ED-AADE-FFAB82FEB19B}.Debug|Any CPU.ActiveCfg = Debug|Any CPU
		{BF63809B-4EA4-46ED-AADE-FFAB82FEB19B}.Debug|Any CPU.Build.0 = Debug|Any CPU
		{BF63809B-4EA4-46ED-AADE-FFAB82FEB19B}.Release|Any CPU.ActiveCfg = Release|Any CPU
		{BF63809B-4EA4-46ED-AADE-FFAB82FEB19B}.Release|Any CPU.Build.0 = Release|Any CPU
		{5D7B5D2F-1E0F-470E-A0A0-A683DAEF7FFA}.Debug|Any CPU.ActiveCfg = Debug|Any CPU
		{5D7B5D2F-1E0F-470E-A0A0-A683DAEF7FFA}.Debug|Any CPU.Build.0 = Debug|Any CPU
		{5D7B5D2F-1E0F-470E-A0A0-A683DAEF7FFA}.Release|Any CPU.ActiveCfg = Release|Any CPU
		{5D7B5D2F-1E0F-470E-A0A0-A683DAEF7FFA}.Release|Any CPU.Build.0 = Release|Any CPU
		{B5B8C325-DDF4-4228-9397-0D6541B707EF}.Debug|Any CPU.ActiveCfg = Debug|Any CPU
		{B5B8C325-DDF4-4228-9397-0D6541B707EF}.Debug|Any CPU.Build.0 = Debug|Any CPU
		{B5B8C325-DDF4-4228-9397-0D6541B707EF}.Release|Any CPU.ActiveCfg = Release|Any CPU
		{B5B8C325-DDF4-4228-9397-0D6541B707EF}.Release|Any CPU.Build.0 = Release|Any CPU
	EndGlobalSection
	GlobalSection(SolutionProperties) = preSolution
		HideSolutionNode = FALSE
	EndGlobalSection
EndGlobal
