
Microsoft Visual Studio Solution File, Format Version 12.00
# Visual Studio 14
VisualStudioVersion = 14.0.24720.0
MinimumVisualStudioVersion = 10.0.40219.1
Project("{FAE04EC0-301F-11D3-BF4B-00C04F79EFBC}") = "UserControlsSIZ", "UserControls_SIZ\UserControlsSIZ.csproj", "{10AC4391-7B36-4E2B-BF5C-5905299A8454}"
EndProject
Project("{FAE04EC0-301F-11D3-BF4B-00C04F79EFBC}") = "TestControls", "TestControls\TestControls.csproj", "{F9451E47-A145-4454-A737-FE54A76E686F}"
EndProject
Project("{FAE04EC0-301F-11D3-BF4B-00C04F79EFBC}") = "ConsoleApplication1", "ConsoleApplication1\ConsoleApplication1.csproj", "{89516CD6-D221-44A3-A459-569055550D01}"
EndProject
Global
	GlobalSection(SolutionConfigurationPlatforms) = preSolution
		Debug|Any CPU = Debug|Any CPU
		Release|Any CPU = Release|Any CPU
	EndGlobalSection
	GlobalSection(ProjectConfigurationPlatforms) = postSolution
		{10AC4391-7B36-4E2B-BF5C-5905299A8454}.Debug|Any CPU.ActiveCfg = Debug|Any CPU
		{10AC4391-7B36-4E2B-BF5C-5905299A8454}.Debug|Any CPU.Build.0 = Debug|Any CPU
		{10AC4391-7B36-4E2B-BF5C-5905299A8454}.Release|Any CPU.ActiveCfg = Release|Any CPU
		{10AC4391-7B36-4E2B-BF5C-5905299A8454}.Release|Any CPU.Build.0 = Release|Any CPU
		{F9451E47-A145-4454-A737-FE54A76E686F}.Debug|Any CPU.ActiveCfg = Debug|Any CPU
		{F9451E47-A145-4454-A737-FE54A76E686F}.Debug|Any CPU.Build.0 = Debug|Any CPU
		{F9451E47-A145-4454-A737-FE54A76E686F}.Release|Any CPU.ActiveCfg = Release|Any CPU
		{F9451E47-A145-4454-A737-FE54A76E686F}.Release|Any CPU.Build.0 = Release|Any CPU
		{89516CD6-D221-44A3-A459-569055550D01}.Debug|Any CPU.ActiveCfg = Debug|Any CPU
		{89516CD6-D221-44A3-A459-569055550D01}.Debug|Any CPU.Build.0 = Debug|Any CPU
		{89516CD6-D221-44A3-A459-569055550D01}.Release|Any CPU.ActiveCfg = Release|Any CPU
		{89516CD6-D221-44A3-A459-569055550D01}.Release|Any CPU.Build.0 = Release|Any CPU
	EndGlobalSection
	GlobalSection(SolutionProperties) = preSolution
		HideSolutionNode = FALSE
	EndGlobalSection
EndGlobal
